
Microsoft Visual Studio Solution File, Format Version 12.00
# Visual Studio Version 16
VisualStudioVersion = 16.0.30804.86
MinimumVisualStudioVersion = 10.0.40219.1
Project("{FAE04EC0-301F-11D3-BF4B-00C04F79EFBC}") = "D3", "D3\D3.csproj", "{015E05DF-908E-443E-BF85-E185D36593FB}"
EndProject
Project("{FAE04EC0-301F-11D3-BF4B-00C04F79EFBC}") = "D3UnitTest", "D3UnitTest\D3UnitTest.csproj", "{55C15715-B860-4239-9F1A-971103E47C81}"
EndProject
Global
	GlobalSection(SolutionConfigurationPlatforms) = preSolution
		Debug|Any CPU = Debug|Any CPU
		Release|Any CPU = Release|Any CPU
	EndGlobalSection
	GlobalSection(ProjectConfigurationPlatforms) = postSolution
		{015E05DF-908E-443E-BF85-E185D36593FB}.Debug|Any CPU.ActiveCfg = Debug|Any CPU
		{015E05DF-908E-443E-BF85-E185D36593FB}.Debug|Any CPU.Build.0 = Debug|Any CPU
		{015E05DF-908E-443E-BF85-E185D36593FB}.Release|Any CPU.ActiveCfg = Release|Any CPU
		{015E05DF-908E-443E-BF85-E185D36593FB}.Release|Any CPU.Build.0 = Release|Any CPU
		{55C15715-B860-4239-9F1A-971103E47C81}.Debug|Any CPU.ActiveCfg = Debug|Any CPU
		{55C15715-B860-4239-9F1A-971103E47C81}.Debug|Any CPU.Build.0 = Debug|Any CPU
		{55C15715-B860-4239-9F1A-971103E47C81}.Release|Any CPU.ActiveCfg = Release|Any CPU
		{55C15715-B860-4239-9F1A-971103E47C81}.Release|Any CPU.Build.0 = Release|Any CPU
	EndGlobalSection
	GlobalSection(SolutionProperties) = preSolution
		HideSolutionNode = FALSE
	EndGlobalSection
	GlobalSection(ExtensibilityGlobals) = postSolution
		SolutionGuid = {7FCF05ED-C676-4F0C-B1BF-C077B8EECA07}
	EndGlobalSection
EndGlobal
