
Microsoft Visual Studio Solution File, Format Version 12.00
# Visual Studio Version 16
VisualStudioVersion = 16.0.30804.86
MinimumVisualStudioVersion = 10.0.40219.1
Project("{9A19103F-16F7-4668-BE54-9A1E7A4F7556}") = "D-3", "D-3\D-3.csproj", "{96CF7563-03B9-446F-B124-E2DB763BE845}"
EndProject
Project("{FAE04EC0-301F-11D3-BF4B-00C04F79EFBC}") = "D-3Tester", "D-3Tester\D-3Tester.csproj", "{5D8DC260-3A26-41CF-9833-725318E5E98F}"
EndProject
Global
	GlobalSection(SolutionConfigurationPlatforms) = preSolution
		Debug|Any CPU = Debug|Any CPU
		Release|Any CPU = Release|Any CPU
	EndGlobalSection
	GlobalSection(ProjectConfigurationPlatforms) = postSolution
		{96CF7563-03B9-446F-B124-E2DB763BE845}.Debug|Any CPU.ActiveCfg = Debug|Any CPU
		{96CF7563-03B9-446F-B124-E2DB763BE845}.Debug|Any CPU.Build.0 = Debug|Any CPU
		{96CF7563-03B9-446F-B124-E2DB763BE845}.Release|Any CPU.ActiveCfg = Release|Any CPU
		{96CF7563-03B9-446F-B124-E2DB763BE845}.Release|Any CPU.Build.0 = Release|Any CPU
		{5D8DC260-3A26-41CF-9833-725318E5E98F}.Debug|Any CPU.ActiveCfg = Debug|Any CPU
		{5D8DC260-3A26-41CF-9833-725318E5E98F}.Debug|Any CPU.Build.0 = Debug|Any CPU
		{5D8DC260-3A26-41CF-9833-725318E5E98F}.Release|Any CPU.ActiveCfg = Release|Any CPU
		{5D8DC260-3A26-41CF-9833-725318E5E98F}.Release|Any CPU.Build.0 = Release|Any CPU
	EndGlobalSection
	GlobalSection(SolutionProperties) = preSolution
		HideSolutionNode = FALSE
	EndGlobalSection
	GlobalSection(ExtensibilityGlobals) = postSolution
		SolutionGuid = {7FCF05ED-C676-4F0C-B1BF-C077B8EECA07}
	EndGlobalSection
EndGlobal
